
Microsoft Visual Studio Solution File, Format Version 12.00
# Visual Studio Version 16
VisualStudioVersion = 16.0.32106.194
MinimumVisualStudioVersion = 10.0.40219.1
Project("{FAE04EC0-301F-11D3-BF4B-00C04F79EFBC}") = "hazir_metotlar_math_datetime", "hazir_metotlar_math_datetime\hazir_metotlar_math_datetime.csproj", "{FE5DD9B1-E8A3-48A7-A466-1754A8BF5922}"
EndProject
Global
	GlobalSection(SolutionConfigurationPlatforms) = preSolution
		Debug|Any CPU = Debug|Any CPU
		Release|Any CPU = Release|Any CPU
	EndGlobalSection
	GlobalSection(ProjectConfigurationPlatforms) = postSolution
		{FE5DD9B1-E8A3-48A7-A466-1754A8BF5922}.Debug|Any CPU.ActiveCfg = Debug|Any CPU
		{FE5DD9B1-E8A3-48A7-A466-1754A8BF5922}.Debug|Any CPU.Build.0 = Debug|Any CPU
		{FE5DD9B1-E8A3-48A7-A466-1754A8BF5922}.Release|Any CPU.ActiveCfg = Release|Any CPU
		{FE5DD9B1-E8A3-48A7-A466-1754A8BF5922}.Release|Any CPU.Build.0 = Release|Any CPU
	EndGlobalSection
	GlobalSection(SolutionProperties) = preSolution
		HideSolutionNode = FALSE
	EndGlobalSection
	GlobalSection(ExtensibilityGlobals) = postSolution
		SolutionGuid = {62408B9F-41F7-4647-813E-40370DF5A494}
	EndGlobalSection
EndGlobal
